
Microsoft Visual Studio Solution File, Format Version 12.00
# Visual Studio Version 17
VisualStudioVersion = 17.9.34622.214
MinimumVisualStudioVersion = 10.0.40219.1
Project("{9A19103F-16F7-4668-BE54-9A1E7A4F7556}") = "TeleperformanceTask", "TeleperformanceTask\TeleperformanceTask.csproj", "{331B4EB8-3E16-48FE-A306-2DAD72EEF3F2}"
EndProject
Project("{FAE04EC0-301F-11D3-BF4B-00C04F79EFBC}") = "Domain", "Domain\Domain.csproj", "{B4084B85-FA52-447F-8311-EC1C9D0E98BD}"
EndProject
Project("{FAE04EC0-301F-11D3-BF4B-00C04F79EFBC}") = "Application", "Application\Application.csproj", "{414E41E8-B858-4A51-ABF1-EF321DFD79C1}"
EndProject
Global
	GlobalSection(SolutionConfigurationPlatforms) = preSolution
		Debug|Any CPU = Debug|Any CPU
		Release|Any CPU = Release|Any CPU
	EndGlobalSection
	GlobalSection(ProjectConfigurationPlatforms) = postSolution
		{331B4EB8-3E16-48FE-A306-2DAD72EEF3F2}.Debug|Any CPU.ActiveCfg = Debug|Any CPU
		{331B4EB8-3E16-48FE-A306-2DAD72EEF3F2}.Debug|Any CPU.Build.0 = Debug|Any CPU
		{331B4EB8-3E16-48FE-A306-2DAD72EEF3F2}.Release|Any CPU.ActiveCfg = Release|Any CPU
		{331B4EB8-3E16-48FE-A306-2DAD72EEF3F2}.Release|Any CPU.Build.0 = Release|Any CPU
		{B4084B85-FA52-447F-8311-EC1C9D0E98BD}.Debug|Any CPU.ActiveCfg = Debug|Any CPU
		{B4084B85-FA52-447F-8311-EC1C9D0E98BD}.Debug|Any CPU.Build.0 = Debug|Any CPU
		{B4084B85-FA52-447F-8311-EC1C9D0E98BD}.Release|Any CPU.ActiveCfg = Release|Any CPU
		{B4084B85-FA52-447F-8311-EC1C9D0E98BD}.Release|Any CPU.Build.0 = Release|Any CPU
		{414E41E8-B858-4A51-ABF1-EF321DFD79C1}.Debug|Any CPU.ActiveCfg = Debug|Any CPU
		{414E41E8-B858-4A51-ABF1-EF321DFD79C1}.Debug|Any CPU.Build.0 = Debug|Any CPU
		{414E41E8-B858-4A51-ABF1-EF321DFD79C1}.Release|Any CPU.ActiveCfg = Release|Any CPU
		{414E41E8-B858-4A51-ABF1-EF321DFD79C1}.Release|Any CPU.Build.0 = Release|Any CPU
	EndGlobalSection
	GlobalSection(SolutionProperties) = preSolution
		HideSolutionNode = FALSE
	EndGlobalSection
	GlobalSection(ExtensibilityGlobals) = postSolution
		SolutionGuid = {A0B902E9-93BC-40E2-9AFF-809EF86621ED}
	EndGlobalSection
EndGlobal
